// !$*UTF8*$!
{
	archiveVersion = 1;
	classes = {
	};
	objectVersion = 50;
	objects = {

/* Begin PBXBuildFile section */
		F8D1D0662425F0160016755B /* AppDelegate.swift in Sources */ = {isa = PBXBuildFile; fileRef = F8D1D0652425F0160016755B /* AppDelegate.swift */; };
		F8D1D0682425F0160016755B /* SceneDelegate.swift in Sources */ = {isa = PBXBuildFile; fileRef = F8D1D0672425F0160016755B /* SceneDelegate.swift */; };
		F8D1D06A2425F0160016755B /* ViewController.swift in Sources */ = {isa = PBXBuildFile; fileRef = F8D1D0692425F0160016755B /* ViewController.swift */; };
		F8D1D06D2425F0160016755B /* Main.storyboard in Resources */ = {isa = PBXBuildFile; fileRef = F8D1D06B2425F0160016755B /* Main.storyboard */; };
		F8D1D06F2425F01B0016755B /* Assets.xcassets in Resources */ = {isa = PBXBuildFile; fileRef = F8D1D06E2425F01B0016755B /* Assets.xcassets */; };
		F8D1D0722425F01B0016755B /* LaunchScreen.storyboard in Resources */ = {isa = PBXBuildFile; fileRef = F8D1D0702425F01B0016755B /* LaunchScreen.storyboard */; };
		F8D1D07B2425F0660016755B /* MTCalendarPickerView.swift in Sources */ = {isa = PBXBuildFile; fileRef = F8D1D07A2425F0660016755B /* MTCalendarPickerView.swift */; };
		F8D1D07D2425F0890016755B /* MTCalendarView.swift in Sources */ = {isa = PBXBuildFile; fileRef = F8D1D07C2425F0890016755B /* MTCalendarView.swift */; };
		F8D1D0802425FE8E0016755B /* MTCalendarCCell.swift in Sources */ = {isa = PBXBuildFile; fileRef = F8D1D07F2425FE8E0016755B /* MTCalendarCCell.swift */; };
		F8D1D0822425FF0B0016755B /* MTConst.swift in Sources */ = {isa = PBXBuildFile; fileRef = F8D1D0812425FF0B0016755B /* MTConst.swift */; };
		F8D1D085242636560016755B /* MTCalendarModel.swift in Sources */ = {isa = PBXBuildFile; fileRef = F8D1D084242636560016755B /* MTCalendarModel.swift */; };
/* End PBXBuildFile section */

/* Begin PBXFileReference section */
		F8D1D0622425F0160016755B /* MTCalendarPicker.app */ = {isa = PBXFileReference; explicitFileType = wrapper.application; includeInIndex = 0; path = MTCalendarPicker.app; sourceTree = BUILT_PRODUCTS_DIR; };
		F8D1D0652425F0160016755B /* AppDelegate.swift */ = {isa = PBXFileReference; lastKnownFileType = sourcecode.swift; path = AppDelegate.swift; sourceTree = "<group>"; };
		F8D1D0672425F0160016755B /* SceneDelegate.swift */ = {isa = PBXFileReference; lastKnownFileType = sourcecode.swift; path = SceneDelegate.swift; sourceTree = "<group>"; };
		F8D1D0692425F0160016755B /* ViewController.swift */ = {isa = PBXFileReference; lastKnownFileType = sourcecode.swift; path = ViewController.swift; sourceTree = "<group>"; };
		F8D1D06C2425F0160016755B /* Base */ = {isa = PBXFileReference; lastKnownFileType = file.storyboard; name = Base; path = Base.lproj/Main.storyboard; sourceTree = "<group>"; };
		F8D1D06E2425F01B0016755B /* Assets.xcassets */ = {isa = PBXFileReference; lastKnownFileType = folder.assetcatalog; path = Assets.xcassets; sourceTree = "<group>"; };
		F8D1D0712425F01B0016755B /* Base */ = {isa = PBXFileReference; lastKnownFileType = file.storyboard; name = Base; path = Base.lproj/LaunchScreen.storyboard; sourceTree = "<group>"; };
		F8D1D0732425F01B0016755B /* Info.plist */ = {isa = PBXFileReference; lastKnownFileType = text.plist.xml; path = Info.plist; sourceTree = "<group>"; };
		F8D1D07A2425F0660016755B /* MTCalendarPickerView.swift */ = {isa = PBXFileReference; lastKnownFileType = sourcecode.swift; path = MTCalendarPickerView.swift; sourceTree = "<group>"; };
		F8D1D07C2425F0890016755B /* MTCalendarView.swift */ = {isa = PBXFileReference; lastKnownFileType = sourcecode.swift; path = MTCalendarView.swift; sourceTree = "<group>"; };
		F8D1D07F2425FE8E0016755B /* MTCalendarCCell.swift */ = {isa = PBXFileReference; lastKnownFileType = sourcecode.swift; path = MTCalendarCCell.swift; sourceTree = "<group>"; };
		F8D1D0812425FF0B0016755B /* MTConst.swift */ = {isa = PBXFileReference; lastKnownFileType = sourcecode.swift; path = MTConst.swift; sourceTree = "<group>"; };
		F8D1D084242636560016755B /* MTCalendarModel.swift */ = {isa = PBXFileReference; lastKnownFileType = sourcecode.swift; path = MTCalendarModel.swift; sourceTree = "<group>"; };
/* End PBXFileReference section */

/* Begin PBXFrameworksBuildPhase section */
		F8D1D05F2425F0160016755B /* Frameworks */ = {
			isa = PBXFrameworksBuildPhase;
			buildActionMask = 2147483647;
			files = (
			);
			runOnlyForDeploymentPostprocessing = 0;
		};
/* End PBXFrameworksBuildPhase section */

/* Begin PBXGroup section */
		F8D1D0592425F0150016755B = {
			isa = PBXGroup;
			children = (
				F8D1D0642425F0160016755B /* MTCalendarPicker */,
				F8D1D0632425F0160016755B /* Products */,
			);
			sourceTree = "<group>";
		};
		F8D1D0632425F0160016755B /* Products */ = {
			isa = PBXGroup;
			children = (
				F8D1D0622425F0160016755B /* MTCalendarPicker.app */,
			);
			name = Products;
			sourceTree = "<group>";
		};
		F8D1D0642425F0160016755B /* MTCalendarPicker */ = {
			isa = PBXGroup;
			children = (
				F8D1D0792425F0460016755B /* MTCalendarPickerView */,
				F8D1D0652425F0160016755B /* AppDelegate.swift */,
				F8D1D0672425F0160016755B /* SceneDelegate.swift */,
				F8D1D0692425F0160016755B /* ViewController.swift */,
				F8D1D06B2425F0160016755B /* Main.storyboard */,
				F8D1D06E2425F01B0016755B /* Assets.xcassets */,
				F8D1D0702425F01B0016755B /* LaunchScreen.storyboard */,
				F8D1D0732425F01B0016755B /* Info.plist */,
			);
			path = MTCalendarPicker;
			sourceTree = "<group>";
		};
		F8D1D0792425F0460016755B /* MTCalendarPickerView */ = {
			isa = PBXGroup;
			children = (
				F8D1D083242636340016755B /* Model */,
				F8D1D07A2425F0660016755B /* MTCalendarPickerView.swift */,
				F8D1D07C2425F0890016755B /* MTCalendarView.swift */,
				F8D1D07F2425FE8E0016755B /* MTCalendarCCell.swift */,
				F8D1D0812425FF0B0016755B /* MTConst.swift */,
			);
			path = MTCalendarPickerView;
			sourceTree = "<group>";
		};
		F8D1D083242636340016755B /* Model */ = {
			isa = PBXGroup;
			children = (
				F8D1D084242636560016755B /* MTCalendarModel.swift */,
			);
			path = Model;
			sourceTree = "<group>";
		};
/* End PBXGroup section */

/* Begin PBXNativeTarget section */
		F8D1D0612425F0160016755B /* MTCalendarPicker */ = {
			isa = PBXNativeTarget;
			buildConfigurationList = F8D1D0762425F01B0016755B /* Build configuration list for PBXNativeTarget "MTCalendarPicker" */;
			buildPhases = (
				F8D1D05E2425F0160016755B /* Sources */,
				F8D1D05F2425F0160016755B /* Frameworks */,
				F8D1D0602425F0160016755B /* Resources */,
			);
			buildRules = (
			);
			dependencies = (
			);
			name = MTCalendarPicker;
			productName = MTCalendarPicker;
			productReference = F8D1D0622425F0160016755B /* MTCalendarPicker.app */;
			productType = "com.apple.product-type.application";
		};
/* End PBXNativeTarget section */

/* Begin PBXProject section */
		F8D1D05A2425F0150016755B /* Project object */ = {
			isa = PBXProject;
			attributes = {
				LastSwiftUpdateCheck = 1130;
				LastUpgradeCheck = 1130;
				ORGANIZATIONNAME = "Mengtian Li";
				TargetAttributes = {
					F8D1D0612425F0160016755B = {
						CreatedOnToolsVersion = 11.3.1;
					};
				};
			};
			buildConfigurationList = F8D1D05D2425F0150016755B /* Build configuration list for PBXProject "MTCalendarPicker" */;
			compatibilityVersion = "Xcode 9.3";
			developmentRegion = en;
			hasScannedForEncodings = 0;
			knownRegions = (
				en,
				Base,
			);
			mainGroup = F8D1D0592425F0150016755B;
			productRefGroup = F8D1D0632425F0160016755B /* Products */;
			projectDirPath = "";
			projectRoot = "";
			targets = (
				F8D1D0612425F0160016755B /* MTCalendarPicker */,
			);
		};
/* End PBXProject section */

/* Begin PBXResourcesBuildPhase section */
		F8D1D0602425F0160016755B /* Resources */ = {
			isa = PBXResourcesBuildPhase;
			buildActionMask = 2147483647;
			files = (
				F8D1D0722425F01B0016755B /* LaunchScreen.storyboard in Resources */,
				F8D1D06F2425F01B0016755B /* Assets.xcassets in Resources */,
				F8D1D06D2425F0160016755B /* Main.storyboard in Resources */,
			);
			runOnlyForDeploymentPostprocessing = 0;
		};
/* End PBXResourcesBuildPhase section */

/* Begin PBXSourcesBuildPhase section */
		F8D1D05E2425F0160016755B /* Sources */ = {
			isa = PBXSourcesBuildPhase;
			buildActionMask = 2147483647;
			files = (
				F8D1D07D2425F0890016755B /* MTCalendarView.swift in Sources */,
				F8D1D06A2425F0160016755B /* ViewController.swift in Sources */,
				F8D1D0802425FE8E0016755B /* MTCalendarCCell.swift in Sources */,
				F8D1D0822425FF0B0016755B /* MTConst.swift in Sources */,
				F8D1D085242636560016755B /* MTCalendarModel.swift in Sources */,
				F8D1D07B2425F0660016755B /* MTCalendarPickerView.swift in Sources */,
				F8D1D0662425F0160016755B /* AppDelegate.swift in Sources */,
				F8D1D0682425F0160016755B /* SceneDelegate.swift in Sources */,
			);
			runOnlyForDeploymentPostprocessing = 0;
		};
/* End PBXSourcesBuildPhase section */

/* Begin PBXVariantGroup section */
		F8D1D06B2425F0160016755B /* Main.storyboard */ = {
			isa = PBXVariantGroup;
			children = (
				F8D1D06C2425F0160016755B /* Base */,
			);
			name = Main.storyboard;
			sourceTree = "<group>";
		};
		F8D1D0702425F01B0016755B /* LaunchScreen.storyboard */ = {
			isa = PBXVariantGroup;
			children = (
				F8D1D0712425F01B0016755B /* Base */,
			);
			name = LaunchScreen.storyboard;
			sourceTree = "<group>";
		};
/* End PBXVariantGroup section */

/* Begin XCBuildConfiguration section */
		F8D1D0742425F01B0016755B /* Debug */ = {
			isa = XCBuildConfiguration;
			buildSettings = {
				ALWAYS_SEARCH_USER_PATHS = NO;
				CLANG_ANALYZER_NONNULL = YES;
				CLANG_ANALYZER_NUMBER_OBJECT_CONVERSION = YES_AGGRESSIVE;
				CLANG_CXX_LANGUAGE_STANDARD = "gnu++14";
				CLANG_CXX_LIBRARY = "libc++";
				CLANG_ENABLE_MODULES = YES;
				CLANG_ENABLE_OBJC_ARC = YES;
				CLANG_ENABLE_OBJC_WEAK = YES;
				CLANG_WARN_BLOCK_CAPTURE_AUTORELEASING = YES;
				CLANG_WARN_BOOL_CONVERSION = YES;
				CLANG_WARN_COMMA = YES;
				CLANG_WARN_CONSTANT_CONVERSION = YES;
				CLANG_WARN_DEPRECATED_OBJC_IMPLEMENTATIONS = YES;
				CLANG_WARN_DIRECT_OBJC_ISA_USAGE = YES_ERROR;
				CLANG_WARN_DOCUMENTATION_COMMENTS = YES;
				CLANG_WARN_EMPTY_BODY = YES;
				CLANG_WARN_ENUM_CONVERSION = YES;
				CLANG_WARN_INFINITE_RECURSION = YES;
				CLANG_WARN_INT_CONVERSION = YES;
				CLANG_WARN_NON_LITERAL_NULL_CONVERSION = YES;
				CLANG_WARN_OBJC_IMPLICIT_RETAIN_SELF = YES;
				CLANG_WARN_OBJC_LITERAL_CONVERSION = YES;
				CLANG_WARN_OBJC_ROOT_CLASS = YES_ERROR;
				CLANG_WARN_RANGE_LOOP_ANALYSIS = YES;
				CLANG_WARN_STRICT_PROTOTYPES = YES;
				CLANG_WARN_SUSPICIOUS_MOVE = YES;
				CLANG_WARN_UNGUARDED_AVAILABILITY = YES_AGGRESSIVE;
				CLANG_WARN_UNREACHABLE_CODE = YES;
				CLANG_WARN__DUPLICATE_METHOD_MATCH = YES;
				COPY_PHASE_STRIP = NO;
				DEBUG_INFORMATION_FORMAT = dwarf;
				ENABLE_STRICT_OBJC_MSGSEND = YES;
				ENABLE_TESTABILITY = YES;
				GCC_C_LANGUAGE_STANDARD = gnu11;
				GCC_DYNAMIC_NO_PIC = NO;
				GCC_NO_COMMON_BLOCKS = YES;
				GCC_OPTIMIZATION_LEVEL = 0;
				GCC_PREPROCESSOR_DEFINITIONS = (
					"DEBUG=1",
					"$(inherited)",
				);
				GCC_WARN_64_TO_32_BIT_CONVERSION = YES;
				GCC_WARN_ABOUT_RETURN_TYPE = YES_ERROR;
				GCC_WARN_UNDECLARED_SELECTOR = YES;
				GCC_WARN_UNINITIALIZED_AUTOS = YES_AGGRESSIVE;
				GCC_WARN_UNUSED_FUNCTION = YES;
				GCC_WARN_UNUSED_VARIABLE = YES;
				IPHONEOS_DEPLOYMENT_TARGET = 13.2;
				MTL_ENABLE_DEBUG_INFO = INCLUDE_SOURCE;
				MTL_FAST_MATH = YES;
				ONLY_ACTIVE_ARCH = YES;
				SDKROOT = iphoneos;
				SWIFT_ACTIVE_COMPILATION_CONDITIONS = DEBUG;
				SWIFT_OPTIMIZATION_LEVEL = "-Onone";
			};
			name = Debug;
		};
		F8D1D0752425F01B0016755B /* Release */ = {
			isa = XCBuildConfiguration;
			buildSettings = {
				ALWAYS_SEARCH_USER_PATHS = NO;
				CLANG_ANALYZER_NONNULL = YES;
				CLANG_ANALYZER_NUMBER_OBJECT_CONVERSION = YES_AGGRESSIVE;
				CLANG_CXX_LANGUAGE_STANDARD = "gnu++14";
				CLANG_CXX_LIBRARY = "libc++";
				CLANG_ENABLE_MODULES = YES;
				CLANG_ENABLE_OBJC_ARC = YES;
				CLANG_ENABLE_OBJC_WEAK = YES;
				CLANG_WARN_BLOCK_CAPTURE_AUTORELEASING = YES;
				CLANG_WARN_BOOL_CONVERSION = YES;
				CLANG_WARN_COMMA = YES;
				CLANG_WARN_CONSTANT_CONVERSION = YES;
				CLANG_WARN_DEPRECATED_OBJC_IMPLEMENTATIONS = YES;
				CLANG_WARN_DIRECT_OBJC_ISA_USAGE = YES_ERROR;
				CLANG_WARN_DOCUMENTATION_COMMENTS = YES;
				CLANG_WARN_EMPTY_BODY = YES;
				CLANG_WARN_ENUM_CONVERSION = YES;
				CLANG_WARN_INFINITE_RECURSION = YES;
				CLANG_WARN_INT_CONVERSION = YES;
				CLANG_WARN_NON_LITERAL_NULL_CONVERSION = YES;
				CLANG_WARN_OBJC_IMPLICIT_RETAIN_SELF = YES;
				CLANG_WARN_OBJC_LITERAL_CONVERSION = YES;
				CLANG_WARN_OBJC_ROOT_CLASS = YES_ERROR;
				CLANG_WARN_RANGE_LOOP_ANALYSIS = YES;
				CLANG_WARN_STRICT_PROTOTYPES = YES;
				CLANG_WARN_SUSPICIOUS_MOVE = YES;
				CLANG_WARN_UNGUARDED_AVAILABILITY = YES_AGGRESSIVE;
				CLANG_WARN_UNREACHABLE_CODE = YES;
				CLANG_WARN__DUPLICATE_METHOD_MATCH = YES;
				COPY_PHASE_STRIP = NO;
				DEBUG_INFORMATION_FORMAT = "dwarf-with-dsym";
				ENABLE_NS_ASSERTIONS = NO;
				ENABLE_STRICT_OBJC_MSGSEND = YES;
				GCC_C_LANGUAGE_STANDARD = gnu11;
				GCC_NO_COMMON_BLOCKS = YES;
				GCC_WARN_64_TO_32_BIT_CONVERSION = YES;
				GCC_WARN_ABOUT_RETURN_TYPE = YES_ERROR;
				GCC_WARN_UNDECLARED_SELECTOR = YES;
				GCC_WARN_UNINITIALIZED_AUTOS = YES_AGGRESSIVE;
				GCC_WARN_UNUSED_FUNCTION = YES;
				GCC_WARN_UNUSED_VARIABLE = YES;
				IPHONEOS_DEPLOYMENT_TARGET = 13.2;
				MTL_ENABLE_DEBUG_INFO = NO;
				MTL_FAST_MATH = YES;
				SDKROOT = iphoneos;
				SWIFT_COMPILATION_MODE = wholemodule;
				SWIFT_OPTIMIZATION_LEVEL = "-O";
				VALIDATE_PRODUCT = YES;
			};
			name = Release;
		};
		F8D1D0772425F01B0016755B /* Debug */ = {
			isa = XCBuildConfiguration;
			buildSettings = {
				ASSETCATALOG_COMPILER_APPICON_NAME = AppIcon;
				CODE_SIGN_STYLE = Automatic;
				INFOPLIST_FILE = MTCalendarPicker/Info.plist;
				LD_RUNPATH_SEARCH_PATHS = (
					"$(inherited)",
					"@executable_path/Frameworks",
				);
				PRODUCT_BUNDLE_IDENTIFIER = com.limengtian.MTCalendarPicker;
				PRODUCT_NAME = "$(TARGET_NAME)";
				SWIFT_VERSION = 5.0;
				TARGETED_DEVICE_FAMILY = "1,2";
			};
			name = Debug;
		};
		F8D1D0782425F01B0016755B /* Release */ = {
			isa = XCBuildConfiguration;
			buildSettings = {
				ASSETCATALOG_COMPILER_APPICON_NAME = AppIcon;
				CODE_SIGN_STYLE = Automatic;
				INFOPLIST_FILE = MTCalendarPicker/Info.plist;
				LD_RUNPATH_SEARCH_PATHS = (
					"$(inherited)",
					"@executable_path/Frameworks",
				);
				PRODUCT_BUNDLE_IDENTIFIER = com.limengtian.MTCalendarPicker;
				PRODUCT_NAME = "$(TARGET_NAME)";
				SWIFT_VERSION = 5.0;
				TARGETED_DEVICE_FAMILY = "1,2";
			};
			name = Release;
		};
/* End XCBuildConfiguration section */

/* Begin XCConfigurationList section */
		F8D1D05D2425F0150016755B /* Build configuration list for PBXProject "MTCalendarPicker" */ = {
			isa = XCConfigurationList;
			buildConfigurations = (
				F8D1D0742425F01B0016755B /* Debug */,
				F8D1D0752425F01B0016755B /* Release */,
			);
			defaultConfigurationIsVisible = 0;
			defaultConfigurationName = Release;
		};
		F8D1D0762425F01B0016755B /* Build configuration list for PBXNativeTarget "MTCalendarPicker" */ = {
			isa = XCConfigurationList;
			buildConfigurations = (
				F8D1D0772425F01B0016755B /* Debug */,
				F8D1D0782425F01B0016755B /* Release */,
			);
			defaultConfigurationIsVisible = 0;
			defaultConfigurationName = Release;
		};
/* End XCConfigurationList section */
	};
	rootObject = F8D1D05A2425F0150016755B /* Project object */;
}
